
Microsoft Visual Studio Solution File, Format Version 10.00
# Visual Studio 2008
Project("{8BC9CEB8-8B4A-11D0-8D11-00A0C91BC942}") = "Server", "Test_WSAAsyncSelect_\Test_WSAAsyncSelect_.vcproj", "{18BE7E42-EB3E-42A6-A45C-AE5441F2A6C6}"
EndProject
Global
	GlobalSection(SolutionConfigurationPlatforms) = preSolution
		Debug|Win32 = Debug|Win32
		Release|Win32 = Release|Win32
	EndGlobalSection
	GlobalSection(ProjectConfigurationPlatforms) = postSolution
		{18BE7E42-EB3E-42A6-A45C-AE5441F2A6C6}.Debug|Win32.ActiveCfg = Debug|Win32
		{18BE7E42-EB3E-42A6-A45C-AE5441F2A6C6}.Debug|Win32.Build.0 = Debug|Win32
		{18BE7E42-EB3E-42A6-A45C-AE5441F2A6C6}.Release|Win32.ActiveCfg = Release|Win32
		{18BE7E42-EB3E-42A6-A45C-AE5441F2A6C6}.Release|Win32.Build.0 = Release|Win32
	EndGlobalSection
	GlobalSection(SolutionProperties) = preSolution
		HideSolutionNode = FALSE
	EndGlobalSection
EndGlobal
